
Microsoft Visual Studio Solution File, Format Version 12.00
# Visual Studio 14
VisualStudioVersion = 14.0.25420.1
MinimumVisualStudioVersion = 10.0.40219.1
Project("{FAE04EC0-301F-11D3-BF4B-00C04F79EFBC}") = "Foundation.ActiveDirectory", "Foundation.ActiveDirectory\Foundation.ActiveDirectory.csproj", "{E4A89B35-E93C-4C52-850A-FD29F519366E}"
EndProject
Project("{FAE04EC0-301F-11D3-BF4B-00C04F79EFBC}") = "ActiveDirectoryBlogpost.WebApp", "ActiveDirectoryBlogpost.WebApp\ActiveDirectoryBlogpost.WebApp.csproj", "{240D59F1-6F68-4825-AB41-43FBC88804C1}"
EndProject
Project("{2150E333-8FDC-42A3-9474-1A3956D46DE8}") = "3_Microservices", "3_Microservices", "{BE4AB7A2-5535-4469-9001-01C462AC5106}"
EndProject
Project("{2150E333-8FDC-42A3-9474-1A3956D46DE8}") = "_RoselynAnalyzerCopRuleSet", "_RoselynAnalyzerCopRuleSet", "{584CE38A-9097-4A36-BE8F-ABB5AE04E248}"
	ProjectSection(SolutionItems) = preProject
		solution.ruleset = solution.ruleset
	EndProjectSection
EndProject
Project("{FAE04EC0-301F-11D3-BF4B-00C04F79EFBC}") = "User.Endpoint.WebApi", "User.Endpoint.WebApi\User.Endpoint.WebApi.csproj", "{92D69EE8-3DEC-4CD8-9F0E-4D4D0E09BE14}"
EndProject
Project("{FAE04EC0-301F-11D3-BF4B-00C04F79EFBC}") = "User.UseCase.Contracts", "User.UseCase.Contracts\User.UseCase.Contracts.csproj", "{1E0DD6CB-24F9-4A26-A804-3D30687B3EF3}"
EndProject
Project("{FAE04EC0-301F-11D3-BF4B-00C04F79EFBC}") = "User.UseCase", "User.UseCase\User.UseCase.csproj", "{0739CC6B-BE51-40B1-B7EA-318BBF9DD584}"
EndProject
Project("{FAE04EC0-301F-11D3-BF4B-00C04F79EFBC}") = "User.Service", "User.Service\User.Service.csproj", "{25255D77-D7D0-4653-96B5-ACB4E9DDA746}"
EndProject
Project("{FAE04EC0-301F-11D3-BF4B-00C04F79EFBC}") = "User.Service.Contracts", "User.Service.Contracts\User.Service.Contracts.csproj", "{C14AAD22-6664-4489-BD38-C26F17C3F524}"
EndProject
Project("{FAE04EC0-301F-11D3-BF4B-00C04F79EFBC}") = "User.Repository.ActiveDirectory", "User.Repository.ActiveDirectory\User.Repository.ActiveDirectory.csproj", "{59AD48D5-D335-478B-B3EE-FFB874D30C57}"
EndProject
Project("{FAE04EC0-301F-11D3-BF4B-00C04F79EFBC}") = "User.Repository.Contracts", "User.Repository.Contracts\User.Repository.Contracts.csproj", "{21E9BED0-A847-43EC-B742-27D3E7D8D16E}"
EndProject
Project("{2150E333-8FDC-42A3-9474-1A3956D46DE8}") = "1_Endpoints", "1_Endpoints", "{251E5464-EF32-4041-A2F2-E5B3783C80B3}"
EndProject
Project("{2150E333-8FDC-42A3-9474-1A3956D46DE8}") = "2_UseCase", "2_UseCase", "{4625C551-48D0-400C-9F8A-D33A737B723D}"
EndProject
Project("{2150E333-8FDC-42A3-9474-1A3956D46DE8}") = "3_Services", "3_Services", "{95764733-CDE4-434C-9005-A57B4C104D65}"
EndProject
Project("{2150E333-8FDC-42A3-9474-1A3956D46DE8}") = "4_Repositories", "4_Repositories", "{51490AB6-C239-418B-B43E-D159C0CAC0BB}"
EndProject
Project("{FAE04EC0-301F-11D3-BF4B-00C04F79EFBC}") = "Foundation.WebApiExtensions", "Foundation.WebApiExtensions\Foundation.WebApiExtensions.csproj", "{47FB7D1D-8004-4683-8408-B466BBBD3EA6}"
EndProject
Project("{2150E333-8FDC-42A3-9474-1A3956D46DE8}") = "1_Application", "1_Application", "{032A2753-CB6A-4F08-AEFE-3860495BFED5}"
EndProject
Project("{2150E333-8FDC-42A3-9474-1A3956D46DE8}") = "2_Foundation", "2_Foundation", "{8024C359-CEF1-437F-8B9E-3F1F47AEC138}"
EndProject
Project("{2150E333-8FDC-42A3-9474-1A3956D46DE8}") = "User", "User", "{0724A644-D674-4A37-9411-E4E803C61EDF}"
EndProject
Project("{2150E333-8FDC-42A3-9474-1A3956D46DE8}") = "EnableUser", "EnableUser", "{384611E8-2F39-4D9D-825E-BC054BDD2C1F}"
EndProject
Project("{2150E333-8FDC-42A3-9474-1A3956D46DE8}") = "DisableUser", "DisableUser", "{A80C9A7A-A3A4-41ED-950B-7D26D64378FB}"
EndProject
Project("{2150E333-8FDC-42A3-9474-1A3956D46DE8}") = "1_Endpoints", "1_Endpoints", "{7AA677BC-2369-4932-B79D-E625BBD19767}"
EndProject
Project("{2150E333-8FDC-42A3-9474-1A3956D46DE8}") = "1_Endpoints", "1_Endpoints", "{1E6D990A-D9F3-42BE-A3EA-912849D4CACF}"
EndProject
Project("{2150E333-8FDC-42A3-9474-1A3956D46DE8}") = "2_Services", "2_Services", "{B90B0A35-8840-4066-97EA-CA5918831340}"
EndProject
Project("{2150E333-8FDC-42A3-9474-1A3956D46DE8}") = "3_Repositories", "3_Repositories", "{E211A867-0404-41C6-B88E-878F89F424D5}"
EndProject
Project("{2150E333-8FDC-42A3-9474-1A3956D46DE8}") = "2_Services", "2_Services", "{F430417A-C175-4FB4-8D59-C95193514248}"
EndProject
Project("{2150E333-8FDC-42A3-9474-1A3956D46DE8}") = "3_Repositories", "3_Repositories", "{AAA57D29-CB4A-48A9-A1E9-17FC5E6AE4C1}"
EndProject
Project("{FAE04EC0-301F-11D3-BF4B-00C04F79EFBC}") = "DisableUser.Endpoint.WebApi", "DisableUser.Endpoint.WebApi\DisableUser.Endpoint.WebApi.csproj", "{4A1FCCC9-3022-44C1-8D63-3BC708A8A40E}"
EndProject
Project("{FAE04EC0-301F-11D3-BF4B-00C04F79EFBC}") = "DisableUser.Service", "DisableUser.Service\DisableUser.Service.csproj", "{5F608E83-F04A-4C12-9382-851D488950DA}"
EndProject
Project("{FAE04EC0-301F-11D3-BF4B-00C04F79EFBC}") = "DisableUser.Service.Contracts", "DisableUser.Service.Contracts\DisableUser.Service.Contracts.csproj", "{D6FA8A4B-7464-4BA6-A8C5-CB0AD7796AE0}"
EndProject
Project("{FAE04EC0-301F-11D3-BF4B-00C04F79EFBC}") = "DisableUser.Repository.ActiveDirectory", "DisableUser.Repository.ActiveDirectory\DisableUser.Repository.ActiveDirectory.csproj", "{A76D7E0E-F459-4336-AAF7-F65828A3B777}"
EndProject
Project("{FAE04EC0-301F-11D3-BF4B-00C04F79EFBC}") = "DisableUser.Repository.Contracts", "DisableUser.Repository.Contracts\DisableUser.Repository.Contracts.csproj", "{F7B2AEBB-5DC5-4079-9449-896585FFABFF}"
EndProject
Project("{FAE04EC0-301F-11D3-BF4B-00C04F79EFBC}") = "EnableUser.Endpoint.WebApi", "EnableUser.Endpoint.WebApi\EnableUser.Endpoint.WebApi.csproj", "{4AA0D3AE-2A2A-4D95-943E-4D44C5B3B71D}"
EndProject
Project("{FAE04EC0-301F-11D3-BF4B-00C04F79EFBC}") = "EnableUser.Service", "EnableUser.Service\EnableUser.Service.csproj", "{4F16E6F7-6E36-472B-9714-060CC081D117}"
EndProject
Project("{FAE04EC0-301F-11D3-BF4B-00C04F79EFBC}") = "EnableUser.Service.Contracts", "EnableUser.Service.Contracts\EnableUser.Service.Contracts.csproj", "{9BC7E17B-89FF-4661-B239-168BEEFA93EC}"
EndProject
Project("{FAE04EC0-301F-11D3-BF4B-00C04F79EFBC}") = "EnableUser.Repository.ActiveDirectory", "EnableUser.Repository.ActiveDirectory\EnableUser.Repository.ActiveDirectory.csproj", "{3AD914DA-31EE-4D74-B6ED-A61478E80864}"
EndProject
Project("{FAE04EC0-301F-11D3-BF4B-00C04F79EFBC}") = "EnableUser.Repository.Contracts", "EnableUser.Repository.Contracts\EnableUser.Repository.Contracts.csproj", "{354F1512-3012-4424-9C14-B1E0B3860829}"
EndProject
Global
	GlobalSection(SolutionConfigurationPlatforms) = preSolution
		Debug|Any CPU = Debug|Any CPU
		Release|Any CPU = Release|Any CPU
	EndGlobalSection
	GlobalSection(ProjectConfigurationPlatforms) = postSolution
		{E4A89B35-E93C-4C52-850A-FD29F519366E}.Debug|Any CPU.ActiveCfg = Debug|Any CPU
		{E4A89B35-E93C-4C52-850A-FD29F519366E}.Debug|Any CPU.Build.0 = Debug|Any CPU
		{E4A89B35-E93C-4C52-850A-FD29F519366E}.Release|Any CPU.ActiveCfg = Release|Any CPU
		{E4A89B35-E93C-4C52-850A-FD29F519366E}.Release|Any CPU.Build.0 = Release|Any CPU
		{240D59F1-6F68-4825-AB41-43FBC88804C1}.Debug|Any CPU.ActiveCfg = Debug|Any CPU
		{240D59F1-6F68-4825-AB41-43FBC88804C1}.Debug|Any CPU.Build.0 = Debug|Any CPU
		{240D59F1-6F68-4825-AB41-43FBC88804C1}.Release|Any CPU.ActiveCfg = Release|Any CPU
		{240D59F1-6F68-4825-AB41-43FBC88804C1}.Release|Any CPU.Build.0 = Release|Any CPU
		{92D69EE8-3DEC-4CD8-9F0E-4D4D0E09BE14}.Debug|Any CPU.ActiveCfg = Debug|Any CPU
		{92D69EE8-3DEC-4CD8-9F0E-4D4D0E09BE14}.Debug|Any CPU.Build.0 = Debug|Any CPU
		{92D69EE8-3DEC-4CD8-9F0E-4D4D0E09BE14}.Release|Any CPU.ActiveCfg = Release|Any CPU
		{92D69EE8-3DEC-4CD8-9F0E-4D4D0E09BE14}.Release|Any CPU.Build.0 = Release|Any CPU
		{1E0DD6CB-24F9-4A26-A804-3D30687B3EF3}.Debug|Any CPU.ActiveCfg = Debug|Any CPU
		{1E0DD6CB-24F9-4A26-A804-3D30687B3EF3}.Debug|Any CPU.Build.0 = Debug|Any CPU
		{1E0DD6CB-24F9-4A26-A804-3D30687B3EF3}.Release|Any CPU.ActiveCfg = Release|Any CPU
		{1E0DD6CB-24F9-4A26-A804-3D30687B3EF3}.Release|Any CPU.Build.0 = Release|Any CPU
		{0739CC6B-BE51-40B1-B7EA-318BBF9DD584}.Debug|Any CPU.ActiveCfg = Debug|Any CPU
		{0739CC6B-BE51-40B1-B7EA-318BBF9DD584}.Debug|Any CPU.Build.0 = Debug|Any CPU
		{0739CC6B-BE51-40B1-B7EA-318BBF9DD584}.Release|Any CPU.ActiveCfg = Release|Any CPU
		{0739CC6B-BE51-40B1-B7EA-318BBF9DD584}.Release|Any CPU.Build.0 = Release|Any CPU
		{25255D77-D7D0-4653-96B5-ACB4E9DDA746}.Debug|Any CPU.ActiveCfg = Debug|Any CPU
		{25255D77-D7D0-4653-96B5-ACB4E9DDA746}.Debug|Any CPU.Build.0 = Debug|Any CPU
		{25255D77-D7D0-4653-96B5-ACB4E9DDA746}.Release|Any CPU.ActiveCfg = Release|Any CPU
		{25255D77-D7D0-4653-96B5-ACB4E9DDA746}.Release|Any CPU.Build.0 = Release|Any CPU
		{C14AAD22-6664-4489-BD38-C26F17C3F524}.Debug|Any CPU.ActiveCfg = Debug|Any CPU
		{C14AAD22-6664-4489-BD38-C26F17C3F524}.Debug|Any CPU.Build.0 = Debug|Any CPU
		{C14AAD22-6664-4489-BD38-C26F17C3F524}.Release|Any CPU.ActiveCfg = Release|Any CPU
		{C14AAD22-6664-4489-BD38-C26F17C3F524}.Release|Any CPU.Build.0 = Release|Any CPU
		{59AD48D5-D335-478B-B3EE-FFB874D30C57}.Debug|Any CPU.ActiveCfg = Debug|Any CPU
		{59AD48D5-D335-478B-B3EE-FFB874D30C57}.Debug|Any CPU.Build.0 = Debug|Any CPU
		{59AD48D5-D335-478B-B3EE-FFB874D30C57}.Release|Any CPU.ActiveCfg = Release|Any CPU
		{59AD48D5-D335-478B-B3EE-FFB874D30C57}.Release|Any CPU.Build.0 = Release|Any CPU
		{21E9BED0-A847-43EC-B742-27D3E7D8D16E}.Debug|Any CPU.ActiveCfg = Debug|Any CPU
		{21E9BED0-A847-43EC-B742-27D3E7D8D16E}.Debug|Any CPU.Build.0 = Debug|Any CPU
		{21E9BED0-A847-43EC-B742-27D3E7D8D16E}.Release|Any CPU.ActiveCfg = Release|Any CPU
		{21E9BED0-A847-43EC-B742-27D3E7D8D16E}.Release|Any CPU.Build.0 = Release|Any CPU
		{47FB7D1D-8004-4683-8408-B466BBBD3EA6}.Debug|Any CPU.ActiveCfg = Debug|Any CPU
		{47FB7D1D-8004-4683-8408-B466BBBD3EA6}.Debug|Any CPU.Build.0 = Debug|Any CPU
		{47FB7D1D-8004-4683-8408-B466BBBD3EA6}.Release|Any CPU.ActiveCfg = Release|Any CPU
		{47FB7D1D-8004-4683-8408-B466BBBD3EA6}.Release|Any CPU.Build.0 = Release|Any CPU
		{4A1FCCC9-3022-44C1-8D63-3BC708A8A40E}.Debug|Any CPU.ActiveCfg = Debug|Any CPU
		{4A1FCCC9-3022-44C1-8D63-3BC708A8A40E}.Debug|Any CPU.Build.0 = Debug|Any CPU
		{4A1FCCC9-3022-44C1-8D63-3BC708A8A40E}.Release|Any CPU.ActiveCfg = Release|Any CPU
		{4A1FCCC9-3022-44C1-8D63-3BC708A8A40E}.Release|Any CPU.Build.0 = Release|Any CPU
		{5F608E83-F04A-4C12-9382-851D488950DA}.Debug|Any CPU.ActiveCfg = Debug|Any CPU
		{5F608E83-F04A-4C12-9382-851D488950DA}.Debug|Any CPU.Build.0 = Debug|Any CPU
		{5F608E83-F04A-4C12-9382-851D488950DA}.Release|Any CPU.ActiveCfg = Release|Any CPU
		{5F608E83-F04A-4C12-9382-851D488950DA}.Release|Any CPU.Build.0 = Release|Any CPU
		{D6FA8A4B-7464-4BA6-A8C5-CB0AD7796AE0}.Debug|Any CPU.ActiveCfg = Debug|Any CPU
		{D6FA8A4B-7464-4BA6-A8C5-CB0AD7796AE0}.Debug|Any CPU.Build.0 = Debug|Any CPU
		{D6FA8A4B-7464-4BA6-A8C5-CB0AD7796AE0}.Release|Any CPU.ActiveCfg = Release|Any CPU
		{D6FA8A4B-7464-4BA6-A8C5-CB0AD7796AE0}.Release|Any CPU.Build.0 = Release|Any CPU
		{A76D7E0E-F459-4336-AAF7-F65828A3B777}.Debug|Any CPU.ActiveCfg = Debug|Any CPU
		{A76D7E0E-F459-4336-AAF7-F65828A3B777}.Debug|Any CPU.Build.0 = Debug|Any CPU
		{A76D7E0E-F459-4336-AAF7-F65828A3B777}.Release|Any CPU.ActiveCfg = Release|Any CPU
		{A76D7E0E-F459-4336-AAF7-F65828A3B777}.Release|Any CPU.Build.0 = Release|Any CPU
		{F7B2AEBB-5DC5-4079-9449-896585FFABFF}.Debug|Any CPU.ActiveCfg = Debug|Any CPU
		{F7B2AEBB-5DC5-4079-9449-896585FFABFF}.Debug|Any CPU.Build.0 = Debug|Any CPU
		{F7B2AEBB-5DC5-4079-9449-896585FFABFF}.Release|Any CPU.ActiveCfg = Release|Any CPU
		{F7B2AEBB-5DC5-4079-9449-896585FFABFF}.Release|Any CPU.Build.0 = Release|Any CPU
		{4AA0D3AE-2A2A-4D95-943E-4D44C5B3B71D}.Debug|Any CPU.ActiveCfg = Debug|Any CPU
		{4AA0D3AE-2A2A-4D95-943E-4D44C5B3B71D}.Debug|Any CPU.Build.0 = Debug|Any CPU
		{4AA0D3AE-2A2A-4D95-943E-4D44C5B3B71D}.Release|Any CPU.ActiveCfg = Release|Any CPU
		{4AA0D3AE-2A2A-4D95-943E-4D44C5B3B71D}.Release|Any CPU.Build.0 = Release|Any CPU
		{4F16E6F7-6E36-472B-9714-060CC081D117}.Debug|Any CPU.ActiveCfg = Debug|Any CPU
		{4F16E6F7-6E36-472B-9714-060CC081D117}.Debug|Any CPU.Build.0 = Debug|Any CPU
		{4F16E6F7-6E36-472B-9714-060CC081D117}.Release|Any CPU.ActiveCfg = Release|Any CPU
		{4F16E6F7-6E36-472B-9714-060CC081D117}.Release|Any CPU.Build.0 = Release|Any CPU
		{9BC7E17B-89FF-4661-B239-168BEEFA93EC}.Debug|Any CPU.ActiveCfg = Debug|Any CPU
		{9BC7E17B-89FF-4661-B239-168BEEFA93EC}.Debug|Any CPU.Build.0 = Debug|Any CPU
		{9BC7E17B-89FF-4661-B239-168BEEFA93EC}.Release|Any CPU.ActiveCfg = Release|Any CPU
		{9BC7E17B-89FF-4661-B239-168BEEFA93EC}.Release|Any CPU.Build.0 = Release|Any CPU
		{3AD914DA-31EE-4D74-B6ED-A61478E80864}.Debug|Any CPU.ActiveCfg = Debug|Any CPU
		{3AD914DA-31EE-4D74-B6ED-A61478E80864}.Debug|Any CPU.Build.0 = Debug|Any CPU
		{3AD914DA-31EE-4D74-B6ED-A61478E80864}.Release|Any CPU.ActiveCfg = Release|Any CPU
		{3AD914DA-31EE-4D74-B6ED-A61478E80864}.Release|Any CPU.Build.0 = Release|Any CPU
		{354F1512-3012-4424-9C14-B1E0B3860829}.Debug|Any CPU.ActiveCfg = Debug|Any CPU
		{354F1512-3012-4424-9C14-B1E0B3860829}.Debug|Any CPU.Build.0 = Debug|Any CPU
		{354F1512-3012-4424-9C14-B1E0B3860829}.Release|Any CPU.ActiveCfg = Release|Any CPU
		{354F1512-3012-4424-9C14-B1E0B3860829}.Release|Any CPU.Build.0 = Release|Any CPU
	EndGlobalSection
	GlobalSection(SolutionProperties) = preSolution
		HideSolutionNode = FALSE
	EndGlobalSection
	GlobalSection(NestedProjects) = preSolution
		{E4A89B35-E93C-4C52-850A-FD29F519366E} = {8024C359-CEF1-437F-8B9E-3F1F47AEC138}
		{240D59F1-6F68-4825-AB41-43FBC88804C1} = {032A2753-CB6A-4F08-AEFE-3860495BFED5}
		{92D69EE8-3DEC-4CD8-9F0E-4D4D0E09BE14} = {251E5464-EF32-4041-A2F2-E5B3783C80B3}
		{1E0DD6CB-24F9-4A26-A804-3D30687B3EF3} = {4625C551-48D0-400C-9F8A-D33A737B723D}
		{0739CC6B-BE51-40B1-B7EA-318BBF9DD584} = {4625C551-48D0-400C-9F8A-D33A737B723D}
		{25255D77-D7D0-4653-96B5-ACB4E9DDA746} = {95764733-CDE4-434C-9005-A57B4C104D65}
		{C14AAD22-6664-4489-BD38-C26F17C3F524} = {95764733-CDE4-434C-9005-A57B4C104D65}
		{59AD48D5-D335-478B-B3EE-FFB874D30C57} = {51490AB6-C239-418B-B43E-D159C0CAC0BB}
		{21E9BED0-A847-43EC-B742-27D3E7D8D16E} = {51490AB6-C239-418B-B43E-D159C0CAC0BB}
		{251E5464-EF32-4041-A2F2-E5B3783C80B3} = {0724A644-D674-4A37-9411-E4E803C61EDF}
		{4625C551-48D0-400C-9F8A-D33A737B723D} = {0724A644-D674-4A37-9411-E4E803C61EDF}
		{95764733-CDE4-434C-9005-A57B4C104D65} = {0724A644-D674-4A37-9411-E4E803C61EDF}
		{51490AB6-C239-418B-B43E-D159C0CAC0BB} = {0724A644-D674-4A37-9411-E4E803C61EDF}
		{47FB7D1D-8004-4683-8408-B466BBBD3EA6} = {8024C359-CEF1-437F-8B9E-3F1F47AEC138}
		{0724A644-D674-4A37-9411-E4E803C61EDF} = {BE4AB7A2-5535-4469-9001-01C462AC5106}
		{384611E8-2F39-4D9D-825E-BC054BDD2C1F} = {BE4AB7A2-5535-4469-9001-01C462AC5106}
		{A80C9A7A-A3A4-41ED-950B-7D26D64378FB} = {BE4AB7A2-5535-4469-9001-01C462AC5106}
		{7AA677BC-2369-4932-B79D-E625BBD19767} = {384611E8-2F39-4D9D-825E-BC054BDD2C1F}
		{1E6D990A-D9F3-42BE-A3EA-912849D4CACF} = {A80C9A7A-A3A4-41ED-950B-7D26D64378FB}
		{B90B0A35-8840-4066-97EA-CA5918831340} = {A80C9A7A-A3A4-41ED-950B-7D26D64378FB}
		{E211A867-0404-41C6-B88E-878F89F424D5} = {A80C9A7A-A3A4-41ED-950B-7D26D64378FB}
		{F430417A-C175-4FB4-8D59-C95193514248} = {384611E8-2F39-4D9D-825E-BC054BDD2C1F}
		{AAA57D29-CB4A-48A9-A1E9-17FC5E6AE4C1} = {384611E8-2F39-4D9D-825E-BC054BDD2C1F}
		{4A1FCCC9-3022-44C1-8D63-3BC708A8A40E} = {1E6D990A-D9F3-42BE-A3EA-912849D4CACF}
		{5F608E83-F04A-4C12-9382-851D488950DA} = {B90B0A35-8840-4066-97EA-CA5918831340}
		{D6FA8A4B-7464-4BA6-A8C5-CB0AD7796AE0} = {B90B0A35-8840-4066-97EA-CA5918831340}
		{A76D7E0E-F459-4336-AAF7-F65828A3B777} = {E211A867-0404-41C6-B88E-878F89F424D5}
		{F7B2AEBB-5DC5-4079-9449-896585FFABFF} = {E211A867-0404-41C6-B88E-878F89F424D5}
		{4AA0D3AE-2A2A-4D95-943E-4D44C5B3B71D} = {7AA677BC-2369-4932-B79D-E625BBD19767}
		{4F16E6F7-6E36-472B-9714-060CC081D117} = {F430417A-C175-4FB4-8D59-C95193514248}
		{9BC7E17B-89FF-4661-B239-168BEEFA93EC} = {F430417A-C175-4FB4-8D59-C95193514248}
		{3AD914DA-31EE-4D74-B6ED-A61478E80864} = {AAA57D29-CB4A-48A9-A1E9-17FC5E6AE4C1}
		{354F1512-3012-4424-9C14-B1E0B3860829} = {AAA57D29-CB4A-48A9-A1E9-17FC5E6AE4C1}
	EndGlobalSection
EndGlobal
